// !$*UTF8*$!
{
	archiveVersion = 1;
	classes = {
	};
	objectVersion = 46;
	objects = {

/* Begin PBXBuildFile section */
		7FCF2FBD1B038EFC00B2CE22 /* main.m in Sources */ = {isa = PBXBuildFile; fileRef = 7FCF2FBC1B038EFC00B2CE22 /* main.m */; };
		7FCF2FC01B038EFC00B2CE22 /* AppDelegate.m in Sources */ = {isa = PBXBuildFile; fileRef = 7FCF2FBF1B038EFC00B2CE22 /* AppDelegate.m */; };
		7FCF2FC31B038EFC00B2CE22 /* ViewController.m in Sources */ = {isa = PBXBuildFile; fileRef = 7FCF2FC21B038EFC00B2CE22 /* ViewController.m */; };
		7FCF2FC61B038EFC00B2CE22 /* Main.storyboard in Resources */ = {isa = PBXBuildFile; fileRef = 7FCF2FC41B038EFC00B2CE22 /* Main.storyboard */; };
		7FCF2FC81B038EFC00B2CE22 /* Images.xcassets in Resources */ = {isa = PBXBuildFile; fileRef = 7FCF2FC71B038EFC00B2CE22 /* Images.xcassets */; };
		7FCF2FCB1B038EFC00B2CE22 /* LaunchScreen.xib in Resources */ = {isa = PBXBuildFile; fileRef = 7FCF2FC91B038EFC00B2CE22 /* LaunchScreen.xib */; };
		7FCF2FD71B038EFD00B2CE22 /* jenkins_demoTests.m in Sources */ = {isa = PBXBuildFile; fileRef = 7FCF2FD61B038EFD00B2CE22 /* jenkins_demoTests.m */; };
/* End PBXBuildFile section */

/* Begin PBXContainerItemProxy section */
		7FCF2FD11B038EFD00B2CE22 /* PBXContainerItemProxy */ = {
			isa = PBXContainerItemProxy;
			containerPortal = 7FCF2FAF1B038EFC00B2CE22 /* Project object */;
			proxyType = 1;
			remoteGlobalIDString = 7FCF2FB61B038EFC00B2CE22;
			remoteInfo = "jenkins-demo";
		};
/* End PBXContainerItemProxy section */

/* Begin PBXFileReference section */
		7FCF2FB71B038EFC00B2CE22 /* jenkins-demo.app */ = {isa = PBXFileReference; explicitFileType = wrapper.application; includeInIndex = 0; path = "jenkins-demo.app"; sourceTree = BUILT_PRODUCTS_DIR; };
		7FCF2FBB1B038EFC00B2CE22 /* Info.plist */ = {isa = PBXFileReference; lastKnownFileType = text.plist.xml; path = Info.plist; sourceTree = "<group>"; };
		7FCF2FBC1B038EFC00B2CE22 /* main.m */ = {isa = PBXFileReference; lastKnownFileType = sourcecode.c.objc; path = main.m; sourceTree = "<group>"; };
		7FCF2FBE1B038EFC00B2CE22 /* AppDelegate.h */ = {isa = PBXFileReference; lastKnownFileType = sourcecode.c.h; path = AppDelegate.h; sourceTree = "<group>"; };
		7FCF2FBF1B038EFC00B2CE22 /* AppDelegate.m */ = {isa = PBXFileReference; lastKnownFileType = sourcecode.c.objc; path = AppDelegate.m; sourceTree = "<group>"; };
		7FCF2FC11B038EFC00B2CE22 /* ViewController.h */ = {isa = PBXFileReference; lastKnownFileType = sourcecode.c.h; path = ViewController.h; sourceTree = "<group>"; };
		7FCF2FC21B038EFC00B2CE22 /* ViewController.m */ = {isa = PBXFileReference; lastKnownFileType = sourcecode.c.objc; path = ViewController.m; sourceTree = "<group>"; };
		7FCF2FC51B038EFC00B2CE22 /* Base */ = {isa = PBXFileReference; lastKnownFileType = file.storyboard; name = Base; path = Base.lproj/Main.storyboard; sourceTree = "<group>"; };
		7FCF2FC71B038EFC00B2CE22 /* Images.xcassets */ = {isa = PBXFileReference; lastKnownFileType = folder.assetcatalog; path = Images.xcassets; sourceTree = "<group>"; };
		7FCF2FCA1B038EFC00B2CE22 /* Base */ = {isa = PBXFileReference; lastKnownFileType = file.xib; name = Base; path = Base.lproj/LaunchScreen.xib; sourceTree = "<group>"; };
		7FCF2FD01B038EFD00B2CE22 /* jenkins-demoTests.xctest */ = {isa = PBXFileReference; explicitFileType = wrapper.cfbundle; includeInIndex = 0; path = "jenkins-demoTests.xctest"; sourceTree = BUILT_PRODUCTS_DIR; };
		7FCF2FD51B038EFD00B2CE22 /* Info.plist */ = {isa = PBXFileReference; lastKnownFileType = text.plist.xml; path = Info.plist; sourceTree = "<group>"; };
		7FCF2FD61B038EFD00B2CE22 /* jenkins_demoTests.m */ = {isa = PBXFileReference; lastKnownFileType = sourcecode.c.objc; path = jenkins_demoTests.m; sourceTree = "<group>"; };
/* End PBXFileReference section */

/* Begin PBXFrameworksBuildPhase section */
		7FCF2FB41B038EFC00B2CE22 /* Frameworks */ = {
			isa = PBXFrameworksBuildPhase;
			buildActionMask = 2147483647;
			files = (
			);
			runOnlyForDeploymentPostprocessing = 0;
		};
		7FCF2FCD1B038EFD00B2CE22 /* Frameworks */ = {
			isa = PBXFrameworksBuildPhase;
			buildActionMask = 2147483647;
			files = (
			);
			runOnlyForDeploymentPostprocessing = 0;
		};
/* End PBXFrameworksBuildPhase section */

/* Begin PBXGroup section */
		7FCF2FAE1B038EFC00B2CE22 = {
			isa = PBXGroup;
			children = (
				7FCF2FB91B038EFC00B2CE22 /* jenkins-demo */,
				7FCF2FD31B038EFD00B2CE22 /* jenkins-demoTests */,
				7FCF2FB81B038EFC00B2CE22 /* Products */,
			);
			sourceTree = "<group>";
		};
		7FCF2FB81B038EFC00B2CE22 /* Products */ = {
			isa = PBXGroup;
			children = (
				7FCF2FB71B038EFC00B2CE22 /* jenkins-demo.app */,
				7FCF2FD01B038EFD00B2CE22 /* jenkins-demoTests.xctest */,
			);
			name = Products;
			sourceTree = "<group>";
		};
		7FCF2FB91B038EFC00B2CE22 /* jenkins-demo */ = {
			isa = PBXGroup;
			children = (
				7FCF2FBE1B038EFC00B2CE22 /* AppDelegate.h */,
				7FCF2FBF1B038EFC00B2CE22 /* AppDelegate.m */,
				7FCF2FC11B038EFC00B2CE22 /* ViewController.h */,
				7FCF2FC21B038EFC00B2CE22 /* ViewController.m */,
				7FCF2FC41B038EFC00B2CE22 /* Main.storyboard */,
				7FCF2FC71B038EFC00B2CE22 /* Images.xcassets */,
				7FCF2FC91B038EFC00B2CE22 /* LaunchScreen.xib */,
				7FCF2FBA1B038EFC00B2CE22 /* Supporting Files */,
			);
			path = "jenkins-demo";
			sourceTree = "<group>";
		};
		7FCF2FBA1B038EFC00B2CE22 /* Supporting Files */ = {
			isa = PBXGroup;
			children = (
				7FCF2FBB1B038EFC00B2CE22 /* Info.plist */,
				7FCF2FBC1B038EFC00B2CE22 /* main.m */,
			);
			name = "Supporting Files";
			sourceTree = "<group>";
		};
		7FCF2FD31B038EFD00B2CE22 /* jenkins-demoTests */ = {
			isa = PBXGroup;
			children = (
				7FCF2FD61B038EFD00B2CE22 /* jenkins_demoTests.m */,
				7FCF2FD41B038EFD00B2CE22 /* Supporting Files */,
			);
			path = "jenkins-demoTests";
			sourceTree = "<group>";
		};
		7FCF2FD41B038EFD00B2CE22 /* Supporting Files */ = {
			isa = PBXGroup;
			children = (
				7FCF2FD51B038EFD00B2CE22 /* Info.plist */,
			);
			name = "Supporting Files";
			sourceTree = "<group>";
		};
/* End PBXGroup section */

/* Begin PBXNativeTarget section */
		7FCF2FB61B038EFC00B2CE22 /* jenkins-demo */ = {
			isa = PBXNativeTarget;
			buildConfigurationList = 7FCF2FDA1B038EFD00B2CE22 /* Build configuration list for PBXNativeTarget "jenkins-demo" */;
			buildPhases = (
				7FCF2FB31B038EFC00B2CE22 /* Sources */,
				7FCF2FB41B038EFC00B2CE22 /* Frameworks */,
				7FCF2FB51B038EFC00B2CE22 /* Resources */,
			);
			buildRules = (
			);
			dependencies = (
			);
			name = "jenkins-demo";
			productName = "jenkins-demo";
			productReference = 7FCF2FB71B038EFC00B2CE22 /* jenkins-demo.app */;
			productType = "com.apple.product-type.application";
		};
		7FCF2FCF1B038EFD00B2CE22 /* jenkins-demoTests */ = {
			isa = PBXNativeTarget;
			buildConfigurationList = 7FCF2FDD1B038EFD00B2CE22 /* Build configuration list for PBXNativeTarget "jenkins-demoTests" */;
			buildPhases = (
				7FCF2FCC1B038EFD00B2CE22 /* Sources */,
				7FCF2FCD1B038EFD00B2CE22 /* Frameworks */,
				7FCF2FCE1B038EFD00B2CE22 /* Resources */,
			);
			buildRules = (
			);
			dependencies = (
				7FCF2FD21B038EFD00B2CE22 /* PBXTargetDependency */,
			);
			name = "jenkins-demoTests";
			productName = "jenkins-demoTests";
			productReference = 7FCF2FD01B038EFD00B2CE22 /* jenkins-demoTests.xctest */;
			productType = "com.apple.product-type.bundle.unit-test";
		};
/* End PBXNativeTarget section */

/* Begin PBXProject section */
		7FCF2FAF1B038EFC00B2CE22 /* Project object */ = {
			isa = PBXProject;
			attributes = {
				LastUpgradeCheck = 0630;
				ORGANIZATIONNAME = magic.pocket;
				TargetAttributes = {
					7FCF2FB61B038EFC00B2CE22 = {
						CreatedOnToolsVersion = 6.3;
						DevelopmentTeam = ETP9M9Q97Z;
					};
					7FCF2FCF1B038EFD00B2CE22 = {
						CreatedOnToolsVersion = 6.3;
						TestTargetID = 7FCF2FB61B038EFC00B2CE22;
					};
				};
			};
			buildConfigurationList = 7FCF2FB21B038EFC00B2CE22 /* Build configuration list for PBXProject "jenkins-demo" */;
			compatibilityVersion = "Xcode 3.2";
			developmentRegion = English;
			hasScannedForEncodings = 0;
			knownRegions = (
				en,
				Base,
			);
			mainGroup = 7FCF2FAE1B038EFC00B2CE22;
			productRefGroup = 7FCF2FB81B038EFC00B2CE22 /* Products */;
			projectDirPath = "";
			projectRoot = "";
			targets = (
				7FCF2FB61B038EFC00B2CE22 /* jenkins-demo */,
				7FCF2FCF1B038EFD00B2CE22 /* jenkins-demoTests */,
			);
		};
/* End PBXProject section */

/* Begin PBXResourcesBuildPhase section */
		7FCF2FB51B038EFC00B2CE22 /* Resources */ = {
			isa = PBXResourcesBuildPhase;
			buildActionMask = 2147483647;
			files = (
				7FCF2FC61B038EFC00B2CE22 /* Main.storyboard in Resources */,
				7FCF2FCB1B038EFC00B2CE22 /* LaunchScreen.xib in Resources */,
				7FCF2FC81B038EFC00B2CE22 /* Images.xcassets in Resources */,
			);
			runOnlyForDeploymentPostprocessing = 0;
		};
		7FCF2FCE1B038EFD00B2CE22 /* Resources */ = {
			isa = PBXResourcesBuildPhase;
			buildActionMask = 2147483647;
			files = (
			);
			runOnlyForDeploymentPostprocessing = 0;
		};
/* End PBXResourcesBuildPhase section */

/* Begin PBXSourcesBuildPhase section */
		7FCF2FB31B038EFC00B2CE22 /* Sources */ = {
			isa = PBXSourcesBuildPhase;
			buildActionMask = 2147483647;
			files = (
				7FCF2FC31B038EFC00B2CE22 /* ViewController.m in Sources */,
				7FCF2FC01B038EFC00B2CE22 /* AppDelegate.m in Sources */,
				7FCF2FBD1B038EFC00B2CE22 /* main.m in Sources */,
			);
			runOnlyForDeploymentPostprocessing = 0;
		};
		7FCF2FCC1B038EFD00B2CE22 /* Sources */ = {
			isa = PBXSourcesBuildPhase;
			buildActionMask = 2147483647;
			files = (
				7FCF2FD71B038EFD00B2CE22 /* jenkins_demoTests.m in Sources */,
			);
			runOnlyForDeploymentPostprocessing = 0;
		};
/* End PBXSourcesBuildPhase section */

/* Begin PBXTargetDependency section */
		7FCF2FD21B038EFD00B2CE22 /* PBXTargetDependency */ = {
			isa = PBXTargetDependency;
			target = 7FCF2FB61B038EFC00B2CE22 /* jenkins-demo */;
			targetProxy = 7FCF2FD11B038EFD00B2CE22 /* PBXContainerItemProxy */;
		};
/* End PBXTargetDependency section */

/* Begin PBXVariantGroup section */
		7FCF2FC41B038EFC00B2CE22 /* Main.storyboard */ = {
			isa = PBXVariantGroup;
			children = (
				7FCF2FC51B038EFC00B2CE22 /* Base */,
			);
			name = Main.storyboard;
			sourceTree = "<group>";
		};
		7FCF2FC91B038EFC00B2CE22 /* LaunchScreen.xib */ = {
			isa = PBXVariantGroup;
			children = (
				7FCF2FCA1B038EFC00B2CE22 /* Base */,
			);
			name = LaunchScreen.xib;
			sourceTree = "<group>";
		};
/* End PBXVariantGroup section */

/* Begin XCBuildConfiguration section */
		7FCF2FD81B038EFD00B2CE22 /* Debug */ = {
			isa = XCBuildConfiguration;
			buildSettings = {
				ALWAYS_SEARCH_USER_PATHS = NO;
				CLANG_CXX_LANGUAGE_STANDARD = "gnu++0x";
				CLANG_CXX_LIBRARY = "libc++";
				CLANG_ENABLE_MODULES = YES;
				CLANG_ENABLE_OBJC_ARC = YES;
				CLANG_WARN_BOOL_CONVERSION = YES;
				CLANG_WARN_CONSTANT_CONVERSION = YES;
				CLANG_WARN_DIRECT_OBJC_ISA_USAGE = YES_ERROR;
				CLANG_WARN_EMPTY_BODY = YES;
				CLANG_WARN_ENUM_CONVERSION = YES;
				CLANG_WARN_INT_CONVERSION = YES;
				CLANG_WARN_OBJC_ROOT_CLASS = YES_ERROR;
				CLANG_WARN_UNREACHABLE_CODE = YES;
				CLANG_WARN__DUPLICATE_METHOD_MATCH = YES;
				"CODE_SIGN_IDENTITY[sdk=iphoneos*]" = "iPhone Developer";
				COPY_PHASE_STRIP = NO;
				DEBUG_INFORMATION_FORMAT = "dwarf-with-dsym";
				ENABLE_STRICT_OBJC_MSGSEND = YES;
				GCC_C_LANGUAGE_STANDARD = gnu99;
				GCC_DYNAMIC_NO_PIC = NO;
				GCC_NO_COMMON_BLOCKS = YES;
				GCC_OPTIMIZATION_LEVEL = 0;
				GCC_PREPROCESSOR_DEFINITIONS = (
					"DEBUG=1",
					"$(inherited)",
				);
				GCC_SYMBOLS_PRIVATE_EXTERN = NO;
				GCC_WARN_64_TO_32_BIT_CONVERSION = YES;
				GCC_WARN_ABOUT_RETURN_TYPE = YES_ERROR;
				GCC_WARN_UNDECLARED_SELECTOR = YES;
				GCC_WARN_UNINITIALIZED_AUTOS = YES_AGGRESSIVE;
				GCC_WARN_UNUSED_FUNCTION = YES;
				GCC_WARN_UNUSED_VARIABLE = YES;
				IPHONEOS_DEPLOYMENT_TARGET = 8.3;
				MTL_ENABLE_DEBUG_INFO = YES;
				ONLY_ACTIVE_ARCH = YES;
				SDKROOT = iphoneos;
			};
			name = Debug;
		};
		7FCF2FD91B038EFD00B2CE22 /* Release */ = {
			isa = XCBuildConfiguration;
			buildSettings = {
				ALWAYS_SEARCH_USER_PATHS = NO;
				CLANG_CXX_LANGUAGE_STANDARD = "gnu++0x";
				CLANG_CXX_LIBRARY = "libc++";
				CLANG_ENABLE_MODULES = YES;
				CLANG_ENABLE_OBJC_ARC = YES;
				CLANG_WARN_BOOL_CONVERSION = YES;
				CLANG_WARN_CONSTANT_CONVERSION = YES;
				CLANG_WARN_DIRECT_OBJC_ISA_USAGE = YES_ERROR;
				CLANG_WARN_EMPTY_BODY = YES;
				CLANG_WARN_ENUM_CONVERSION = YES;
				CLANG_WARN_INT_CONVERSION = YES;
				CLANG_WARN_OBJC_ROOT_CLASS = YES_ERROR;
				CLANG_WARN_UNREACHABLE_CODE = YES;
				CLANG_WARN__DUPLICATE_METHOD_MATCH = YES;
				"CODE_SIGN_IDENTITY[sdk=iphoneos*]" = "iPhone Developer";
				COPY_PHASE_STRIP = NO;
				DEBUG_INFORMATION_FORMAT = "dwarf-with-dsym";
				ENABLE_NS_ASSERTIONS = NO;
				ENABLE_STRICT_OBJC_MSGSEND = YES;
				GCC_C_LANGUAGE_STANDARD = gnu99;
				GCC_NO_COMMON_BLOCKS = YES;
				GCC_WARN_64_TO_32_BIT_CONVERSION = YES;
				GCC_WARN_ABOUT_RETURN_TYPE = YES_ERROR;
				GCC_WARN_UNDECLARED_SELECTOR = YES;
				GCC_WARN_UNINITIALIZED_AUTOS = YES_AGGRESSIVE;
				GCC_WARN_UNUSED_FUNCTION = YES;
				GCC_WARN_UNUSED_VARIABLE = YES;
				IPHONEOS_DEPLOYMENT_TARGET = 8.3;
				MTL_ENABLE_DEBUG_INFO = NO;
				SDKROOT = iphoneos;
				VALIDATE_PRODUCT = YES;
			};
			name = Release;
		};
		7FCF2FDB1B038EFD00B2CE22 /* Debug */ = {
			isa = XCBuildConfiguration;
			buildSettings = {
				ASSETCATALOG_COMPILER_APPICON_NAME = AppIcon;
				CODE_SIGN_IDENTITY = "iPhone Developer";
				INFOPLIST_FILE = "jenkins-demo/Info.plist";
				LD_RUNPATH_SEARCH_PATHS = "$(inherited) @executable_path/Frameworks";
				PRODUCT_NAME = "$(TARGET_NAME)";
			};
			name = Debug;
		};
		7FCF2FDC1B038EFD00B2CE22 /* Release */ = {
			isa = XCBuildConfiguration;
			buildSettings = {
				ASSETCATALOG_COMPILER_APPICON_NAME = AppIcon;
				CODE_SIGN_IDENTITY = "iPhone Developer";
				INFOPLIST_FILE = "jenkins-demo/Info.plist";
				LD_RUNPATH_SEARCH_PATHS = "$(inherited) @executable_path/Frameworks";
				PRODUCT_NAME = "$(TARGET_NAME)";
			};
			name = Release;
		};
		7FCF2FDE1B038EFD00B2CE22 /* Debug */ = {
			isa = XCBuildConfiguration;
			buildSettings = {
				BUNDLE_LOADER = "$(TEST_HOST)";
				FRAMEWORK_SEARCH_PATHS = (
					"$(SDKROOT)/Developer/Library/Frameworks",
					"$(inherited)",
				);
				GCC_PREPROCESSOR_DEFINITIONS = (
					"DEBUG=1",
					"$(inherited)",
				);
				INFOPLIST_FILE = "jenkins-demoTests/Info.plist";
				LD_RUNPATH_SEARCH_PATHS = "$(inherited) @executable_path/Frameworks @loader_path/Frameworks";
				PRODUCT_NAME = "$(TARGET_NAME)";
				TEST_HOST = "$(BUILT_PRODUCTS_DIR)/jenkins-demo.app/jenkins-demo";
			};
			name = Debug;
		};
		7FCF2FDF1B038EFD00B2CE22 /* Release */ = {
			isa = XCBuildConfiguration;
			buildSettings = {
				BUNDLE_LOADER = "$(TEST_HOST)";
				FRAMEWORK_SEARCH_PATHS = (
					"$(SDKROOT)/Developer/Library/Frameworks",
					"$(inherited)",
				);
				INFOPLIST_FILE = "jenkins-demoTests/Info.plist";
				LD_RUNPATH_SEARCH_PATHS = "$(inherited) @executable_path/Frameworks @loader_path/Frameworks";
				PRODUCT_NAME = "$(TARGET_NAME)";
				TEST_HOST = "$(BUILT_PRODUCTS_DIR)/jenkins-demo.app/jenkins-demo";
			};
			name = Release;
		};
/* End XCBuildConfiguration section */

/* Begin XCConfigurationList section */
		7FCF2FB21B038EFC00B2CE22 /* Build configuration list for PBXProject "jenkins-demo" */ = {
			isa = XCConfigurationList;
			buildConfigurations = (
				7FCF2FD81B038EFD00B2CE22 /* Debug */,
				7FCF2FD91B038EFD00B2CE22 /* Release */,
			);
			defaultConfigurationIsVisible = 0;
			defaultConfigurationName = Release;
		};
		7FCF2FDA1B038EFD00B2CE22 /* Build configuration list for PBXNativeTarget "jenkins-demo" */ = {
			isa = XCConfigurationList;
			buildConfigurations = (
				7FCF2FDB1B038EFD00B2CE22 /* Debug */,
				7FCF2FDC1B038EFD00B2CE22 /* Release */,
			);
			defaultConfigurationIsVisible = 0;
		};
		7FCF2FDD1B038EFD00B2CE22 /* Build configuration list for PBXNativeTarget "jenkins-demoTests" */ = {
			isa = XCConfigurationList;
			buildConfigurations = (
				7FCF2FDE1B038EFD00B2CE22 /* Debug */,
				7FCF2FDF1B038EFD00B2CE22 /* Release */,
			);
			defaultConfigurationIsVisible = 0;
		};
/* End XCConfigurationList section */
	};
	rootObject = 7FCF2FAF1B038EFC00B2CE22 /* Project object */;
}
